// !$*UTF8*$!
{
	archiveVersion = 1;
	classes = {
	};
	objectVersion = 48;
	objects = {

/* Begin PBXBuildFile section */
		212E686E1FB217E600FCB5C7 /* CameraViewController.swift in Sources */ = {isa = PBXBuildFile; fileRef = 212E686D1FB217E600FCB5C7 /* CameraViewController.swift */; };
		215965941F93909A00B84EB4 /* AppDelegate.swift in Sources */ = {isa = PBXBuildFile; fileRef = 215965931F93909A00B84EB4 /* AppDelegate.swift */; };
		215965961F93909A00B84EB4 /* ViewController.swift in Sources */ = {isa = PBXBuildFile; fileRef = 215965951F93909A00B84EB4 /* ViewController.swift */; };
		2159659B1F93909A00B84EB4 /* Assets.xcassets in Resources */ = {isa = PBXBuildFile; fileRef = 2159659A1F93909A00B84EB4 /* Assets.xcassets */; };
		2159659E1F93909A00B84EB4 /* LaunchScreen.storyboard in Resources */ = {isa = PBXBuildFile; fileRef = 2159659C1F93909A00B84EB4 /* LaunchScreen.storyboard */; };
		215965A71F939C2400B84EB4 /* Constants.swift in Sources */ = {isa = PBXBuildFile; fileRef = 215965A61F939C2400B84EB4 /* Constants.swift */; };
		325BDE81CEB334D1A9A9868D /* Pods_GIFG.framework in Frameworks */ = {isa = PBXBuildFile; fileRef = F5C21A7BB83737E41389F657 /* Pods_GIFG.framework */; };
/* End PBXBuildFile section */

/* Begin PBXFileReference section */
		02B994F4D1B3BB6E1D8706B9 /* Pods-GIFG.release.xcconfig */ = {isa = PBXFileReference; includeInIndex = 1; lastKnownFileType = text.xcconfig; name = "Pods-GIFG.release.xcconfig"; path = "Pods/Target Support Files/Pods-GIFG/Pods-GIFG.release.xcconfig"; sourceTree = "<group>"; };
		212E686D1FB217E600FCB5C7 /* CameraViewController.swift */ = {isa = PBXFileReference; lastKnownFileType = sourcecode.swift; path = CameraViewController.swift; sourceTree = "<group>"; };
		215965901F93909A00B84EB4 /* GIFG.app */ = {isa = PBXFileReference; explicitFileType = wrapper.application; includeInIndex = 0; path = GIFG.app; sourceTree = BUILT_PRODUCTS_DIR; };
		215965931F93909A00B84EB4 /* AppDelegate.swift */ = {isa = PBXFileReference; lastKnownFileType = sourcecode.swift; path = AppDelegate.swift; sourceTree = "<group>"; };
		215965951F93909A00B84EB4 /* ViewController.swift */ = {isa = PBXFileReference; lastKnownFileType = sourcecode.swift; path = ViewController.swift; sourceTree = "<group>"; };
		2159659A1F93909A00B84EB4 /* Assets.xcassets */ = {isa = PBXFileReference; lastKnownFileType = folder.assetcatalog; path = Assets.xcassets; sourceTree = "<group>"; };
		2159659D1F93909A00B84EB4 /* Base */ = {isa = PBXFileReference; lastKnownFileType = file.storyboard; name = Base; path = Base.lproj/LaunchScreen.storyboard; sourceTree = "<group>"; };
		2159659F1F93909A00B84EB4 /* Info.plist */ = {isa = PBXFileReference; lastKnownFileType = text.plist.xml; path = Info.plist; sourceTree = "<group>"; };
		215965A61F939C2400B84EB4 /* Constants.swift */ = {isa = PBXFileReference; lastKnownFileType = sourcecode.swift; path = Constants.swift; sourceTree = "<group>"; };
		5C542AFACF74CF335091AC17 /* Pods-GIFG.debug.xcconfig */ = {isa = PBXFileReference; includeInIndex = 1; lastKnownFileType = text.xcconfig; name = "Pods-GIFG.debug.xcconfig"; path = "Pods/Target Support Files/Pods-GIFG/Pods-GIFG.debug.xcconfig"; sourceTree = "<group>"; };
		F5C21A7BB83737E41389F657 /* Pods_GIFG.framework */ = {isa = PBXFileReference; explicitFileType = wrapper.framework; includeInIndex = 0; path = Pods_GIFG.framework; sourceTree = BUILT_PRODUCTS_DIR; };
/* End PBXFileReference section */

/* Begin PBXFrameworksBuildPhase section */
		2159658D1F93909A00B84EB4 /* Frameworks */ = {
			isa = PBXFrameworksBuildPhase;
			buildActionMask = 2147483647;
			files = (
				325BDE81CEB334D1A9A9868D /* Pods_GIFG.framework in Frameworks */,
			);
			runOnlyForDeploymentPostprocessing = 0;
		};
/* End PBXFrameworksBuildPhase section */

/* Begin PBXGroup section */
		215965871F93909A00B84EB4 = {
			isa = PBXGroup;
			children = (
				215965921F93909A00B84EB4 /* GIFG */,
				215965911F93909A00B84EB4 /* Products */,
				65807DCC4FE7F05DA6ACF3D2 /* Pods */,
				9DEFB549DDB0D778EF2AFD36 /* Frameworks */,
			);
			sourceTree = "<group>";
		};
		215965911F93909A00B84EB4 /* Products */ = {
			isa = PBXGroup;
			children = (
				215965901F93909A00B84EB4 /* GIFG.app */,
			);
			name = Products;
			sourceTree = "<group>";
		};
		215965921F93909A00B84EB4 /* GIFG */ = {
			isa = PBXGroup;
			children = (
				215965A51F939BEE00B84EB4 /* View */,
				215965931F93909A00B84EB4 /* AppDelegate.swift */,
				215965951F93909A00B84EB4 /* ViewController.swift */,
				2159659A1F93909A00B84EB4 /* Assets.xcassets */,
				2159659C1F93909A00B84EB4 /* LaunchScreen.storyboard */,
				2159659F1F93909A00B84EB4 /* Info.plist */,
			);
			path = GIFG;
			sourceTree = "<group>";
		};
		215965A51F939BEE00B84EB4 /* View */ = {
			isa = PBXGroup;
			children = (
				215965A61F939C2400B84EB4 /* Constants.swift */,
				212E686D1FB217E600FCB5C7 /* CameraViewController.swift */,
			);
			path = View;
			sourceTree = "<group>";
		};
		65807DCC4FE7F05DA6ACF3D2 /* Pods */ = {
			isa = PBXGroup;
			children = (
				5C542AFACF74CF335091AC17 /* Pods-GIFG.debug.xcconfig */,
				02B994F4D1B3BB6E1D8706B9 /* Pods-GIFG.release.xcconfig */,
			);
			name = Pods;
			sourceTree = "<group>";
		};
		9DEFB549DDB0D778EF2AFD36 /* Frameworks */ = {
			isa = PBXGroup;
			children = (
				F5C21A7BB83737E41389F657 /* Pods_GIFG.framework */,
			);
			name = Frameworks;
			sourceTree = "<group>";
		};
/* End PBXGroup section */

/* Begin PBXNativeTarget section */
		2159658F1F93909A00B84EB4 /* GIFG */ = {
			isa = PBXNativeTarget;
			buildConfigurationList = 215965A21F93909A00B84EB4 /* Build configuration list for PBXNativeTarget "GIFG" */;
			buildPhases = (
				6150EBDBAD454E1EE3847BC1 /* [CP] Check Pods Manifest.lock */,
				2159658C1F93909A00B84EB4 /* Sources */,
				2159658D1F93909A00B84EB4 /* Frameworks */,
				2159658E1F93909A00B84EB4 /* Resources */,
				DBED1FD15CF9984570BCEC09 /* [CP] Embed Pods Frameworks */,
				71AC2FEA5F7334816752A5F5 /* [CP] Copy Pods Resources */,
			);
			buildRules = (
			);
			dependencies = (
			);
			name = GIFG;
			productName = GIFG;
			productReference = 215965901F93909A00B84EB4 /* GIFG.app */;
			productType = "com.apple.product-type.application";
		};
/* End PBXNativeTarget section */

/* Begin PBXProject section */
		215965881F93909A00B84EB4 /* Project object */ = {
			isa = PBXProject;
			attributes = {
				LastSwiftUpdateCheck = 0900;
				LastUpgradeCheck = 0900;
				ORGANIZATIONNAME = jote;
				TargetAttributes = {
					2159658F1F93909A00B84EB4 = {
						CreatedOnToolsVersion = 9.0;
						ProvisioningStyle = Manual;
					};
				};
			};
			buildConfigurationList = 2159658B1F93909A00B84EB4 /* Build configuration list for PBXProject "GIFG" */;
			compatibilityVersion = "Xcode 8.0";
			developmentRegion = en;
			hasScannedForEncodings = 0;
			knownRegions = (
				en,
				Base,
			);
			mainGroup = 215965871F93909A00B84EB4;
			productRefGroup = 215965911F93909A00B84EB4 /* Products */;
			projectDirPath = "";
			projectRoot = "";
			targets = (
				2159658F1F93909A00B84EB4 /* GIFG */,
			);
		};
/* End PBXProject section */

/* Begin PBXResourcesBuildPhase section */
		2159658E1F93909A00B84EB4 /* Resources */ = {
			isa = PBXResourcesBuildPhase;
			buildActionMask = 2147483647;
			files = (
				2159659E1F93909A00B84EB4 /* LaunchScreen.storyboard in Resources */,
				2159659B1F93909A00B84EB4 /* Assets.xcassets in Resources */,
			);
			runOnlyForDeploymentPostprocessing = 0;
		};
/* End PBXResourcesBuildPhase section */

/* Begin PBXShellScriptBuildPhase section */
		6150EBDBAD454E1EE3847BC1 /* [CP] Check Pods Manifest.lock */ = {
			isa = PBXShellScriptBuildPhase;
			buildActionMask = 2147483647;
			files = (
			);
			inputPaths = (
				"${PODS_PODFILE_DIR_PATH}/Podfile.lock",
				"${PODS_ROOT}/Manifest.lock",
			);
			name = "[CP] Check Pods Manifest.lock";
			outputPaths = (
				"$(DERIVED_FILE_DIR)/Pods-GIFG-checkManifestLockResult.txt",
			);
			runOnlyForDeploymentPostprocessing = 0;
			shellPath = /bin/sh;
			shellScript = "diff \"${PODS_PODFILE_DIR_PATH}/Podfile.lock\" \"${PODS_ROOT}/Manifest.lock\" > /dev/null\nif [ $? != 0 ] ; then\n    # print error to STDERR\n    echo \"error: The sandbox is not in sync with the Podfile.lock. Run 'pod install' or update your CocoaPods installation.\" >&2\n    exit 1\nfi\n# This output is used by Xcode 'outputs' to avoid re-running this script phase.\necho \"SUCCESS\" > \"${SCRIPT_OUTPUT_FILE_0}\"\n";
			showEnvVarsInLog = 0;
		};
		71AC2FEA5F7334816752A5F5 /* [CP] Copy Pods Resources */ = {
			isa = PBXShellScriptBuildPhase;
			buildActionMask = 2147483647;
			files = (
			);
			inputPaths = (
			);
			name = "[CP] Copy Pods Resources";
			outputPaths = (
			);
			runOnlyForDeploymentPostprocessing = 0;
			shellPath = /bin/sh;
			shellScript = "\"${SRCROOT}/Pods/Target Support Files/Pods-GIFG/Pods-GIFG-resources.sh\"\n";
			showEnvVarsInLog = 0;
		};
		DBED1FD15CF9984570BCEC09 /* [CP] Embed Pods Frameworks */ = {
			isa = PBXShellScriptBuildPhase;
			buildActionMask = 2147483647;
			files = (
			);
			inputPaths = (
				"${SRCROOT}/Pods/Target Support Files/Pods-GIFG/Pods-GIFG-frameworks.sh",
				"${BUILT_PRODUCTS_DIR}/RxCocoa/RxCocoa.framework",
				"${BUILT_PRODUCTS_DIR}/RxSwift/RxSwift.framework",
			);
			name = "[CP] Embed Pods Frameworks";
			outputPaths = (
				"${TARGET_BUILD_DIR}/${FRAMEWORKS_FOLDER_PATH}/RxCocoa.framework",
				"${TARGET_BUILD_DIR}/${FRAMEWORKS_FOLDER_PATH}/RxSwift.framework",
			);
			runOnlyForDeploymentPostprocessing = 0;
			shellPath = /bin/sh;
			shellScript = "\"${SRCROOT}/Pods/Target Support Files/Pods-GIFG/Pods-GIFG-frameworks.sh\"\n";
			showEnvVarsInLog = 0;
		};
/* End PBXShellScriptBuildPhase section */

/* Begin PBXSourcesBuildPhase section */
		2159658C1F93909A00B84EB4 /* Sources */ = {
			isa = PBXSourcesBuildPhase;
			buildActionMask = 2147483647;
			files = (
				215965A71F939C2400B84EB4 /* Constants.swift in Sources */,
				212E686E1FB217E600FCB5C7 /* CameraViewController.swift in Sources */,
				215965961F93909A00B84EB4 /* ViewController.swift in Sources */,
				215965941F93909A00B84EB4 /* AppDelegate.swift in Sources */,
			);
			runOnlyForDeploymentPostprocessing = 0;
		};
/* End PBXSourcesBuildPhase section */

/* Begin PBXVariantGroup section */
		2159659C1F93909A00B84EB4 /* LaunchScreen.storyboard */ = {
			isa = PBXVariantGroup;
			children = (
				2159659D1F93909A00B84EB4 /* Base */,
			);
			name = LaunchScreen.storyboard;
			sourceTree = "<group>";
		};
/* End PBXVariantGroup section */

/* Begin XCBuildConfiguration section */
		215965A01F93909A00B84EB4 /* Debug */ = {
			isa = XCBuildConfiguration;
			buildSettings = {
				ALWAYS_SEARCH_USER_PATHS = NO;
				CLANG_ANALYZER_NONNULL = YES;
				CLANG_ANALYZER_NUMBER_OBJECT_CONVERSION = YES_AGGRESSIVE;
				CLANG_CXX_LANGUAGE_STANDARD = "gnu++14";
				CLANG_CXX_LIBRARY = "libc++";
				CLANG_ENABLE_MODULES = YES;
				CLANG_ENABLE_OBJC_ARC = YES;
				CLANG_WARN_BLOCK_CAPTURE_AUTORELEASING = YES;
				CLANG_WARN_BOOL_CONVERSION = YES;
				CLANG_WARN_COMMA = YES;
				CLANG_WARN_CONSTANT_CONVERSION = YES;
				CLANG_WARN_DIRECT_OBJC_ISA_USAGE = YES_ERROR;
				CLANG_WARN_DOCUMENTATION_COMMENTS = YES;
				CLANG_WARN_EMPTY_BODY = YES;
				CLANG_WARN_ENUM_CONVERSION = YES;
				CLANG_WARN_INFINITE_RECURSION = YES;
				CLANG_WARN_INT_CONVERSION = YES;
				CLANG_WARN_NON_LITERAL_NULL_CONVERSION = YES;
				CLANG_WARN_OBJC_LITERAL_CONVERSION = YES;
				CLANG_WARN_OBJC_ROOT_CLASS = YES_ERROR;
				CLANG_WARN_RANGE_LOOP_ANALYSIS = YES;
				CLANG_WARN_STRICT_PROTOTYPES = YES;
				CLANG_WARN_SUSPICIOUS_MOVE = YES;
				CLANG_WARN_UNGUARDED_AVAILABILITY = YES_AGGRESSIVE;
				CLANG_WARN_UNREACHABLE_CODE = YES;
				CLANG_WARN__DUPLICATE_METHOD_MATCH = YES;
				CODE_SIGN_IDENTITY = "iPhone Developer";
				COPY_PHASE_STRIP = NO;
				DEBUG_INFORMATION_FORMAT = dwarf;
				ENABLE_STRICT_OBJC_MSGSEND = YES;
				ENABLE_TESTABILITY = YES;
				GCC_C_LANGUAGE_STANDARD = gnu11;
				GCC_DYNAMIC_NO_PIC = NO;
				GCC_NO_COMMON_BLOCKS = YES;
				GCC_OPTIMIZATION_LEVEL = 0;
				GCC_PREPROCESSOR_DEFINITIONS = (
					"DEBUG=1",
					"$(inherited)",
				);
				GCC_WARN_64_TO_32_BIT_CONVERSION = YES;
				GCC_WARN_ABOUT_RETURN_TYPE = YES_ERROR;
				GCC_WARN_UNDECLARED_SELECTOR = YES;
				GCC_WARN_UNINITIALIZED_AUTOS = YES_AGGRESSIVE;
				GCC_WARN_UNUSED_FUNCTION = YES;
				GCC_WARN_UNUSED_VARIABLE = YES;
				IPHONEOS_DEPLOYMENT_TARGET = 11.0;
				MTL_ENABLE_DEBUG_INFO = YES;
				ONLY_ACTIVE_ARCH = YES;
				SDKROOT = iphoneos;
				SWIFT_ACTIVE_COMPILATION_CONDITIONS = DEBUG;
				SWIFT_OPTIMIZATION_LEVEL = "-Onone";
			};
			name = Debug;
		};
		215965A11F93909A00B84EB4 /* Release */ = {
			isa = XCBuildConfiguration;
			buildSettings = {
				ALWAYS_SEARCH_USER_PATHS = NO;
				CLANG_ANALYZER_NONNULL = YES;
				CLANG_ANALYZER_NUMBER_OBJECT_CONVERSION = YES_AGGRESSIVE;
				CLANG_CXX_LANGUAGE_STANDARD = "gnu++14";
				CLANG_CXX_LIBRARY = "libc++";
				CLANG_ENABLE_MODULES = YES;
				CLANG_ENABLE_OBJC_ARC = YES;
				CLANG_WARN_BLOCK_CAPTURE_AUTORELEASING = YES;
				CLANG_WARN_BOOL_CONVERSION = YES;
				CLANG_WARN_COMMA = YES;
				CLANG_WARN_CONSTANT_CONVERSION = YES;
				CLANG_WARN_DIRECT_OBJC_ISA_USAGE = YES_ERROR;
				CLANG_WARN_DOCUMENTATION_COMMENTS = YES;
				CLANG_WARN_EMPTY_BODY = YES;
				CLANG_WARN_ENUM_CONVERSION = YES;
				CLANG_WARN_INFINITE_RECURSION = YES;
				CLANG_WARN_INT_CONVERSION = YES;
				CLANG_WARN_NON_LITERAL_NULL_CONVERSION = YES;
				CLANG_WARN_OBJC_LITERAL_CONVERSION = YES;
				CLANG_WARN_OBJC_ROOT_CLASS = YES_ERROR;
				CLANG_WARN_RANGE_LOOP_ANALYSIS = YES;
				CLANG_WARN_STRICT_PROTOTYPES = YES;
				CLANG_WARN_SUSPICIOUS_MOVE = YES;
				CLANG_WARN_UNGUARDED_AVAILABILITY = YES_AGGRESSIVE;
				CLANG_WARN_UNREACHABLE_CODE = YES;
				CLANG_WARN__DUPLICATE_METHOD_MATCH = YES;
				CODE_SIGN_IDENTITY = "iPhone Developer";
				COPY_PHASE_STRIP = NO;
				DEBUG_INFORMATION_FORMAT = "dwarf-with-dsym";
				ENABLE_NS_ASSERTIONS = NO;
				ENABLE_STRICT_OBJC_MSGSEND = YES;
				GCC_C_LANGUAGE_STANDARD = gnu11;
				GCC_NO_COMMON_BLOCKS = YES;
				GCC_WARN_64_TO_32_BIT_CONVERSION = YES;
				GCC_WARN_ABOUT_RETURN_TYPE = YES_ERROR;
				GCC_WARN_UNDECLARED_SELECTOR = YES;
				GCC_WARN_UNINITIALIZED_AUTOS = YES_AGGRESSIVE;
				GCC_WARN_UNUSED_FUNCTION = YES;
				GCC_WARN_UNUSED_VARIABLE = YES;
				IPHONEOS_DEPLOYMENT_TARGET = 11.0;
				MTL_ENABLE_DEBUG_INFO = NO;
				SDKROOT = iphoneos;
				SWIFT_OPTIMIZATION_LEVEL = "-Owholemodule";
				VALIDATE_PRODUCT = YES;
			};
			name = Release;
		};
		215965A31F93909A00B84EB4 /* Debug */ = {
			isa = XCBuildConfiguration;
			baseConfigurationReference = 5C542AFACF74CF335091AC17 /* Pods-GIFG.debug.xcconfig */;
			buildSettings = {
				ASSETCATALOG_COMPILER_APPICON_NAME = AppIcon;
				"CODE_SIGN_IDENTITY[sdk=iphoneos*]" = "iPhone Developer";
				CODE_SIGN_STYLE = Manual;
				DEVELOPMENT_TEAM = "";
				INFOPLIST_FILE = GIFG/Info.plist;
				IPHONEOS_DEPLOYMENT_TARGET = 11.1;
				LD_RUNPATH_SEARCH_PATHS = "$(inherited) @executable_path/Frameworks";
				PRODUCT_NAME = "$(TARGET_NAME)";
				PROVISIONING_PROFILE_SPECIFIER = "";
				SWIFT_VERSION = 4.0;
				TARGETED_DEVICE_FAMILY = "1,2";
			};
			name = Debug;
		};
		215965A41F93909A00B84EB4 /* Release */ = {
			isa = XCBuildConfiguration;
			baseConfigurationReference = 02B994F4D1B3BB6E1D8706B9 /* Pods-GIFG.release.xcconfig */;
			buildSettings = {
				ASSETCATALOG_COMPILER_APPICON_NAME = AppIcon;
				"CODE_SIGN_IDENTITY[sdk=iphoneos*]" = "iPhone Developer";
				CODE_SIGN_STYLE = Manual;
				DEVELOPMENT_TEAM = "";
				INFOPLIST_FILE = GIFG/Info.plist;
				IPHONEOS_DEPLOYMENT_TARGET = 11.1;
				LD_RUNPATH_SEARCH_PATHS = "$(inherited) @executable_path/Frameworks";
				PRODUCT_NAME = "$(TARGET_NAME)";
				PROVISIONING_PROFILE_SPECIFIER = "";
				SWIFT_VERSION = 4.0;
				TARGETED_DEVICE_FAMILY = "1,2";
			};
			name = Release;
		};
/* End XCBuildConfiguration section */

/* Begin XCConfigurationList section */
		2159658B1F93909A00B84EB4 /* Build configuration list for PBXProject "GIFG" */ = {
			isa = XCConfigurationList;
			buildConfigurations = (
				215965A01F93909A00B84EB4 /* Debug */,
				215965A11F93909A00B84EB4 /* Release */,
			);
			defaultConfigurationIsVisible = 0;
			defaultConfigurationName = Release;
		};
		215965A21F93909A00B84EB4 /* Build configuration list for PBXNativeTarget "GIFG" */ = {
			isa = XCConfigurationList;
			buildConfigurations = (
				215965A31F93909A00B84EB4 /* Debug */,
				215965A41F93909A00B84EB4 /* Release */,
			);
			defaultConfigurationIsVisible = 0;
			defaultConfigurationName = Release;
		};
/* End XCConfigurationList section */
	};
	rootObject = 215965881F93909A00B84EB4 /* Project object */;
}
